
Microsoft Visual Studio Solution File, Format Version 12.00
# Visual Studio Version 17
VisualStudioVersion = 17.0.32014.148
MinimumVisualStudioVersion = 10.0.40219.1
Project("{9A19103F-16F7-4668-BE54-9A1E7A4F7556}") = "FilmesApi", "FilmesApi\FilmesApi.csproj", "{DA2F13AD-79F2-4B72-B2DC-4D276F67CA59}"
EndProject
Project("{FAE04EC0-301F-11D3-BF4B-00C04F79EFBC}") = "UsuariosApi", "UsuariosApi\UsuariosApi.csproj", "{1DF0DDD2-4B3C-4303-A9F0-17E5265E96C6}"
EndProject
Global
	GlobalSection(SolutionConfigurationPlatforms) = preSolution
		Debug|Any CPU = Debug|Any CPU
		Release|Any CPU = Release|Any CPU
	EndGlobalSection
	GlobalSection(ProjectConfigurationPlatforms) = postSolution
		{DA2F13AD-79F2-4B72-B2DC-4D276F67CA59}.Debug|Any CPU.ActiveCfg = Debug|Any CPU
		{DA2F13AD-79F2-4B72-B2DC-4D276F67CA59}.Debug|Any CPU.Build.0 = Debug|Any CPU
		{DA2F13AD-79F2-4B72-B2DC-4D276F67CA59}.Release|Any CPU.ActiveCfg = Release|Any CPU
		{DA2F13AD-79F2-4B72-B2DC-4D276F67CA59}.Release|Any CPU.Build.0 = Release|Any CPU
		{1DF0DDD2-4B3C-4303-A9F0-17E5265E96C6}.Debug|Any CPU.ActiveCfg = Debug|Any CPU
		{1DF0DDD2-4B3C-4303-A9F0-17E5265E96C6}.Debug|Any CPU.Build.0 = Debug|Any CPU
		{1DF0DDD2-4B3C-4303-A9F0-17E5265E96C6}.Release|Any CPU.ActiveCfg = Release|Any CPU
		{1DF0DDD2-4B3C-4303-A9F0-17E5265E96C6}.Release|Any CPU.Build.0 = Release|Any CPU
	EndGlobalSection
	GlobalSection(SolutionProperties) = preSolution
		HideSolutionNode = FALSE
	EndGlobalSection
	GlobalSection(ExtensibilityGlobals) = postSolution
		SolutionGuid = {C16968AB-286C-4281-B0FC-1FDD78181897}
	EndGlobalSection
EndGlobal
